
Microsoft Visual Studio Solution File, Format Version 12.00
Project("{FAE04EC0-301F-11D3-BF4B-00C04F79EFBC}") = "LayoutXYExample", "LayoutXYExample\LayoutXYExample.csproj", "{8CEB0159-ED12-4503-BED7-D061F4740AE6}"
EndProject
Global
	GlobalSection(SolutionConfigurationPlatforms) = preSolution
		Debug|Any CPU = Debug|Any CPU
		Release|Any CPU = Release|Any CPU
	EndGlobalSection
	GlobalSection(ProjectConfigurationPlatforms) = postSolution
		{8CEB0159-ED12-4503-BED7-D061F4740AE6}.Debug|Any CPU.ActiveCfg = Debug|Any CPU
		{8CEB0159-ED12-4503-BED7-D061F4740AE6}.Debug|Any CPU.Build.0 = Debug|Any CPU
		{8CEB0159-ED12-4503-BED7-D061F4740AE6}.Release|Any CPU.ActiveCfg = Release|Any CPU
		{8CEB0159-ED12-4503-BED7-D061F4740AE6}.Release|Any CPU.Build.0 = Release|Any CPU
	EndGlobalSection
EndGlobal
